// !$*UTF8*$!
{
	archiveVersion = 1;
	classes = {
	};
	objectVersion = 50;
	objects = {

/* Begin PBXBuildFile section */
		79DF8CD320D7FF5D009A40B0 /* AppDelegate.swift in Sources */ = {isa = PBXBuildFile; fileRef = 79DF8CD220D7FF5D009A40B0 /* AppDelegate.swift */; };
		79DF8CD520D7FF5D009A40B0 /* ViewController.swift in Sources */ = {isa = PBXBuildFile; fileRef = 79DF8CD420D7FF5D009A40B0 /* ViewController.swift */; };
		79DF8CD820D7FF5D009A40B0 /* Main.storyboard in Resources */ = {isa = PBXBuildFile; fileRef = 79DF8CD620D7FF5D009A40B0 /* Main.storyboard */; };
		79DF8CDA20D7FF5F009A40B0 /* Assets.xcassets in Resources */ = {isa = PBXBuildFile; fileRef = 79DF8CD920D7FF5F009A40B0 /* Assets.xcassets */; };
		79DF8CDD20D7FF5F009A40B0 /* LaunchScreen.storyboard in Resources */ = {isa = PBXBuildFile; fileRef = 79DF8CDB20D7FF5F009A40B0 /* LaunchScreen.storyboard */; };
		79DF8CE820D7FF5F009A40B0 /* HateDatingAppTests.swift in Sources */ = {isa = PBXBuildFile; fileRef = 79DF8CE720D7FF5F009A40B0 /* HateDatingAppTests.swift */; };
		79DF8CF320D7FF5F009A40B0 /* HateDatingAppUITests.swift in Sources */ = {isa = PBXBuildFile; fileRef = 79DF8CF220D7FF5F009A40B0 /* HateDatingAppUITests.swift */; };
/* End PBXBuildFile section */

/* Begin PBXContainerItemProxy section */
		79DF8CE420D7FF5F009A40B0 /* PBXContainerItemProxy */ = {
			isa = PBXContainerItemProxy;
			containerPortal = 79DF8CC720D7FF5D009A40B0 /* Project object */;
			proxyType = 1;
			remoteGlobalIDString = 79DF8CCE20D7FF5D009A40B0;
			remoteInfo = HateDatingApp;
		};
		79DF8CEF20D7FF5F009A40B0 /* PBXContainerItemProxy */ = {
			isa = PBXContainerItemProxy;
			containerPortal = 79DF8CC720D7FF5D009A40B0 /* Project object */;
			proxyType = 1;
			remoteGlobalIDString = 79DF8CCE20D7FF5D009A40B0;
			remoteInfo = HateDatingApp;
		};
/* End PBXContainerItemProxy section */

/* Begin PBXFileReference section */
		79DF8CCF20D7FF5D009A40B0 /* HateDatingApp.app */ = {isa = PBXFileReference; explicitFileType = wrapper.application; includeInIndex = 0; path = HateDatingApp.app; sourceTree = BUILT_PRODUCTS_DIR; };
		79DF8CD220D7FF5D009A40B0 /* AppDelegate.swift */ = {isa = PBXFileReference; lastKnownFileType = sourcecode.swift; path = AppDelegate.swift; sourceTree = "<group>"; };
		79DF8CD420D7FF5D009A40B0 /* ViewController.swift */ = {isa = PBXFileReference; lastKnownFileType = sourcecode.swift; path = ViewController.swift; sourceTree = "<group>"; };
		79DF8CD720D7FF5D009A40B0 /* Base */ = {isa = PBXFileReference; lastKnownFileType = file.storyboard; name = Base; path = Base.lproj/Main.storyboard; sourceTree = "<group>"; };
		79DF8CD920D7FF5F009A40B0 /* Assets.xcassets */ = {isa = PBXFileReference; lastKnownFileType = folder.assetcatalog; path = Assets.xcassets; sourceTree = "<group>"; };
		79DF8CDC20D7FF5F009A40B0 /* Base */ = {isa = PBXFileReference; lastKnownFileType = file.storyboard; name = Base; path = Base.lproj/LaunchScreen.storyboard; sourceTree = "<group>"; };
		79DF8CDE20D7FF5F009A40B0 /* Info.plist */ = {isa = PBXFileReference; lastKnownFileType = text.plist.xml; path = Info.plist; sourceTree = "<group>"; };
		79DF8CE320D7FF5F009A40B0 /* HateDatingAppTests.xctest */ = {isa = PBXFileReference; explicitFileType = wrapper.cfbundle; includeInIndex = 0; path = HateDatingAppTests.xctest; sourceTree = BUILT_PRODUCTS_DIR; };
		79DF8CE720D7FF5F009A40B0 /* HateDatingAppTests.swift */ = {isa = PBXFileReference; lastKnownFileType = sourcecode.swift; path = HateDatingAppTests.swift; sourceTree = "<group>"; };
		79DF8CE920D7FF5F009A40B0 /* Info.plist */ = {isa = PBXFileReference; lastKnownFileType = text.plist.xml; path = Info.plist; sourceTree = "<group>"; };
		79DF8CEE20D7FF5F009A40B0 /* HateDatingAppUITests.xctest */ = {isa = PBXFileReference; explicitFileType = wrapper.cfbundle; includeInIndex = 0; path = HateDatingAppUITests.xctest; sourceTree = BUILT_PRODUCTS_DIR; };
		79DF8CF220D7FF5F009A40B0 /* HateDatingAppUITests.swift */ = {isa = PBXFileReference; lastKnownFileType = sourcecode.swift; path = HateDatingAppUITests.swift; sourceTree = "<group>"; };
		79DF8CF420D7FF5F009A40B0 /* Info.plist */ = {isa = PBXFileReference; lastKnownFileType = text.plist.xml; path = Info.plist; sourceTree = "<group>"; };
/* End PBXFileReference section */

/* Begin PBXFrameworksBuildPhase section */
		79DF8CCC20D7FF5D009A40B0 /* Frameworks */ = {
			isa = PBXFrameworksBuildPhase;
			buildActionMask = 2147483647;
			files = (
			);
			runOnlyForDeploymentPostprocessing = 0;
		};
		79DF8CE020D7FF5F009A40B0 /* Frameworks */ = {
			isa = PBXFrameworksBuildPhase;
			buildActionMask = 2147483647;
			files = (
			);
			runOnlyForDeploymentPostprocessing = 0;
		};
		79DF8CEB20D7FF5F009A40B0 /* Frameworks */ = {
			isa = PBXFrameworksBuildPhase;
			buildActionMask = 2147483647;
			files = (
			);
			runOnlyForDeploymentPostprocessing = 0;
		};
/* End PBXFrameworksBuildPhase section */

/* Begin PBXGroup section */
		79DF8CC620D7FF5D009A40B0 = {
			isa = PBXGroup;
			children = (
				79DF8CD120D7FF5D009A40B0 /* HateDatingApp */,
				79DF8CE620D7FF5F009A40B0 /* HateDatingAppTests */,
				79DF8CF120D7FF5F009A40B0 /* HateDatingAppUITests */,
				79DF8CD020D7FF5D009A40B0 /* Products */,
			);
			sourceTree = "<group>";
		};
		79DF8CD020D7FF5D009A40B0 /* Products */ = {
			isa = PBXGroup;
			children = (
				79DF8CCF20D7FF5D009A40B0 /* HateDatingApp.app */,
				79DF8CE320D7FF5F009A40B0 /* HateDatingAppTests.xctest */,
				79DF8CEE20D7FF5F009A40B0 /* HateDatingAppUITests.xctest */,
			);
			name = Products;
			sourceTree = "<group>";
		};
		79DF8CD120D7FF5D009A40B0 /* HateDatingApp */ = {
			isa = PBXGroup;
			children = (
				79DF8CD220D7FF5D009A40B0 /* AppDelegate.swift */,
				79DF8CD420D7FF5D009A40B0 /* ViewController.swift */,
				79DF8CD620D7FF5D009A40B0 /* Main.storyboard */,
				79DF8CD920D7FF5F009A40B0 /* Assets.xcassets */,
				79DF8CDB20D7FF5F009A40B0 /* LaunchScreen.storyboard */,
				79DF8CDE20D7FF5F009A40B0 /* Info.plist */,
			);
			path = HateDatingApp;
			sourceTree = "<group>";
		};
		79DF8CE620D7FF5F009A40B0 /* HateDatingAppTests */ = {
			isa = PBXGroup;
			children = (
				79DF8CE720D7FF5F009A40B0 /* HateDatingAppTests.swift */,
				79DF8CE920D7FF5F009A40B0 /* Info.plist */,
			);
			path = HateDatingAppTests;
			sourceTree = "<group>";
		};
		79DF8CF120D7FF5F009A40B0 /* HateDatingAppUITests */ = {
			isa = PBXGroup;
			children = (
				79DF8CF220D7FF5F009A40B0 /* HateDatingAppUITests.swift */,
				79DF8CF420D7FF5F009A40B0 /* Info.plist */,
			);
			path = HateDatingAppUITests;
			sourceTree = "<group>";
		};
/* End PBXGroup section */

/* Begin PBXNativeTarget section */
		79DF8CCE20D7FF5D009A40B0 /* HateDatingApp */ = {
			isa = PBXNativeTarget;
			buildConfigurationList = 79DF8CF720D7FF5F009A40B0 /* Build configuration list for PBXNativeTarget "HateDatingApp" */;
			buildPhases = (
				79DF8CCB20D7FF5D009A40B0 /* Sources */,
				79DF8CCC20D7FF5D009A40B0 /* Frameworks */,
				79DF8CCD20D7FF5D009A40B0 /* Resources */,
			);
			buildRules = (
			);
			dependencies = (
			);
			name = HateDatingApp;
			productName = HateDatingApp;
			productReference = 79DF8CCF20D7FF5D009A40B0 /* HateDatingApp.app */;
			productType = "com.apple.product-type.application";
		};
		79DF8CE220D7FF5F009A40B0 /* HateDatingAppTests */ = {
			isa = PBXNativeTarget;
			buildConfigurationList = 79DF8CFA20D7FF5F009A40B0 /* Build configuration list for PBXNativeTarget "HateDatingAppTests" */;
			buildPhases = (
				79DF8CDF20D7FF5F009A40B0 /* Sources */,
				79DF8CE020D7FF5F009A40B0 /* Frameworks */,
				79DF8CE120D7FF5F009A40B0 /* Resources */,
			);
			buildRules = (
			);
			dependencies = (
				79DF8CE520D7FF5F009A40B0 /* PBXTargetDependency */,
			);
			name = HateDatingAppTests;
			productName = HateDatingAppTests;
			productReference = 79DF8CE320D7FF5F009A40B0 /* HateDatingAppTests.xctest */;
			productType = "com.apple.product-type.bundle.unit-test";
		};
		79DF8CED20D7FF5F009A40B0 /* HateDatingAppUITests */ = {
			isa = PBXNativeTarget;
			buildConfigurationList = 79DF8CFD20D7FF5F009A40B0 /* Build configuration list for PBXNativeTarget "HateDatingAppUITests" */;
			buildPhases = (
				79DF8CEA20D7FF5F009A40B0 /* Sources */,
				79DF8CEB20D7FF5F009A40B0 /* Frameworks */,
				79DF8CEC20D7FF5F009A40B0 /* Resources */,
			);
			buildRules = (
			);
			dependencies = (
				79DF8CF020D7FF5F009A40B0 /* PBXTargetDependency */,
			);
			name = HateDatingAppUITests;
			productName = HateDatingAppUITests;
			productReference = 79DF8CEE20D7FF5F009A40B0 /* HateDatingAppUITests.xctest */;
			productType = "com.apple.product-type.bundle.ui-testing";
		};
/* End PBXNativeTarget section */

/* Begin PBXProject section */
		79DF8CC720D7FF5D009A40B0 /* Project object */ = {
			isa = PBXProject;
			attributes = {
				LastSwiftUpdateCheck = 0930;
				LastUpgradeCheck = 0930;
				ORGANIZATIONNAME = "Prithviraj Murthy";
				TargetAttributes = {
					79DF8CCE20D7FF5D009A40B0 = {
						CreatedOnToolsVersion = 9.3;
					};
					79DF8CE220D7FF5F009A40B0 = {
						CreatedOnToolsVersion = 9.3;
						TestTargetID = 79DF8CCE20D7FF5D009A40B0;
					};
					79DF8CED20D7FF5F009A40B0 = {
						CreatedOnToolsVersion = 9.3;
						TestTargetID = 79DF8CCE20D7FF5D009A40B0;
					};
				};
			};
			buildConfigurationList = 79DF8CCA20D7FF5D009A40B0 /* Build configuration list for PBXProject "HateDatingApp" */;
			compatibilityVersion = "Xcode 9.3";
			developmentRegion = en;
			hasScannedForEncodings = 0;
			knownRegions = (
				en,
				Base,
			);
			mainGroup = 79DF8CC620D7FF5D009A40B0;
			productRefGroup = 79DF8CD020D7FF5D009A40B0 /* Products */;
			projectDirPath = "";
			projectRoot = "";
			targets = (
				79DF8CCE20D7FF5D009A40B0 /* HateDatingApp */,
				79DF8CE220D7FF5F009A40B0 /* HateDatingAppTests */,
				79DF8CED20D7FF5F009A40B0 /* HateDatingAppUITests */,
			);
		};
/* End PBXProject section */

/* Begin PBXResourcesBuildPhase section */
		79DF8CCD20D7FF5D009A40B0 /* Resources */ = {
			isa = PBXResourcesBuildPhase;
			buildActionMask = 2147483647;
			files = (
				79DF8CDD20D7FF5F009A40B0 /* LaunchScreen.storyboard in Resources */,
				79DF8CDA20D7FF5F009A40B0 /* Assets.xcassets in Resources */,
				79DF8CD820D7FF5D009A40B0 /* Main.storyboard in Resources */,
			);
			runOnlyForDeploymentPostprocessing = 0;
		};
		79DF8CE120D7FF5F009A40B0 /* Resources */ = {
			isa = PBXResourcesBuildPhase;
			buildActionMask = 2147483647;
			files = (
			);
			runOnlyForDeploymentPostprocessing = 0;
		};
		79DF8CEC20D7FF5F009A40B0 /* Resources */ = {
			isa = PBXResourcesBuildPhase;
			buildActionMask = 2147483647;
			files = (
			);
			runOnlyForDeploymentPostprocessing = 0;
		};
/* End PBXResourcesBuildPhase section */

/* Begin PBXSourcesBuildPhase section */
		79DF8CCB20D7FF5D009A40B0 /* Sources */ = {
			isa = PBXSourcesBuildPhase;
			buildActionMask = 2147483647;
			files = (
				79DF8CD520D7FF5D009A40B0 /* ViewController.swift in Sources */,
				79DF8CD320D7FF5D009A40B0 /* AppDelegate.swift in Sources */,
			);
			runOnlyForDeploymentPostprocessing = 0;
		};
		79DF8CDF20D7FF5F009A40B0 /* Sources */ = {
			isa = PBXSourcesBuildPhase;
			buildActionMask = 2147483647;
			files = (
				79DF8CE820D7FF5F009A40B0 /* HateDatingAppTests.swift in Sources */,
			);
			runOnlyForDeploymentPostprocessing = 0;
		};
		79DF8CEA20D7FF5F009A40B0 /* Sources */ = {
			isa = PBXSourcesBuildPhase;
			buildActionMask = 2147483647;
			files = (
				79DF8CF320D7FF5F009A40B0 /* HateDatingAppUITests.swift in Sources */,
			);
			runOnlyForDeploymentPostprocessing = 0;
		};
/* End PBXSourcesBuildPhase section */

/* Begin PBXTargetDependency section */
		79DF8CE520D7FF5F009A40B0 /* PBXTargetDependency */ = {
			isa = PBXTargetDependency;
			target = 79DF8CCE20D7FF5D009A40B0 /* HateDatingApp */;
			targetProxy = 79DF8CE420D7FF5F009A40B0 /* PBXContainerItemProxy */;
		};
		79DF8CF020D7FF5F009A40B0 /* PBXTargetDependency */ = {
			isa = PBXTargetDependency;
			target = 79DF8CCE20D7FF5D009A40B0 /* HateDatingApp */;
			targetProxy = 79DF8CEF20D7FF5F009A40B0 /* PBXContainerItemProxy */;
		};
/* End PBXTargetDependency section */

/* Begin PBXVariantGroup section */
		79DF8CD620D7FF5D009A40B0 /* Main.storyboard */ = {
			isa = PBXVariantGroup;
			children = (
				79DF8CD720D7FF5D009A40B0 /* Base */,
			);
			name = Main.storyboard;
			sourceTree = "<group>";
		};
		79DF8CDB20D7FF5F009A40B0 /* LaunchScreen.storyboard */ = {
			isa = PBXVariantGroup;
			children = (
				79DF8CDC20D7FF5F009A40B0 /* Base */,
			);
			name = LaunchScreen.storyboard;
			sourceTree = "<group>";
		};
/* End PBXVariantGroup section */

/* Begin XCBuildConfiguration section */
		79DF8CF520D7FF5F009A40B0 /* Debug */ = {
			isa = XCBuildConfiguration;
			buildSettings = {
				ALWAYS_SEARCH_USER_PATHS = NO;
				CLANG_ANALYZER_NONNULL = YES;
				CLANG_ANALYZER_NUMBER_OBJECT_CONVERSION = YES_AGGRESSIVE;
				CLANG_CXX_LANGUAGE_STANDARD = "gnu++14";
				CLANG_CXX_LIBRARY = "libc++";
				CLANG_ENABLE_MODULES = YES;
				CLANG_ENABLE_OBJC_ARC = YES;
				CLANG_ENABLE_OBJC_WEAK = YES;
				CLANG_WARN_BLOCK_CAPTURE_AUTORELEASING = YES;
				CLANG_WARN_BOOL_CONVERSION = YES;
				CLANG_WARN_COMMA = YES;
				CLANG_WARN_CONSTANT_CONVERSION = YES;
				CLANG_WARN_DEPRECATED_OBJC_IMPLEMENTATIONS = YES;
				CLANG_WARN_DIRECT_OBJC_ISA_USAGE = YES_ERROR;
				CLANG_WARN_DOCUMENTATION_COMMENTS = YES;
				CLANG_WARN_EMPTY_BODY = YES;
				CLANG_WARN_ENUM_CONVERSION = YES;
				CLANG_WARN_INFINITE_RECURSION = YES;
				CLANG_WARN_INT_CONVERSION = YES;
				CLANG_WARN_NON_LITERAL_NULL_CONVERSION = YES;
				CLANG_WARN_OBJC_IMPLICIT_RETAIN_SELF = YES;
				CLANG_WARN_OBJC_LITERAL_CONVERSION = YES;
				CLANG_WARN_OBJC_ROOT_CLASS = YES_ERROR;
				CLANG_WARN_RANGE_LOOP_ANALYSIS = YES;
				CLANG_WARN_STRICT_PROTOTYPES = YES;
				CLANG_WARN_SUSPICIOUS_MOVE = YES;
				CLANG_WARN_UNGUARDED_AVAILABILITY = YES_AGGRESSIVE;
				CLANG_WARN_UNREACHABLE_CODE = YES;
				CLANG_WARN__DUPLICATE_METHOD_MATCH = YES;
				CODE_SIGN_IDENTITY = "iPhone Developer";
				COPY_PHASE_STRIP = NO;
				DEBUG_INFORMATION_FORMAT = dwarf;
				ENABLE_STRICT_OBJC_MSGSEND = YES;
				ENABLE_TESTABILITY = YES;
				GCC_C_LANGUAGE_STANDARD = gnu11;
				GCC_DYNAMIC_NO_PIC = NO;
				GCC_NO_COMMON_BLOCKS = YES;
				GCC_OPTIMIZATION_LEVEL = 0;
				GCC_PREPROCESSOR_DEFINITIONS = (
					"DEBUG=1",
					"$(inherited)",
				);
				GCC_WARN_64_TO_32_BIT_CONVERSION = YES;
				GCC_WARN_ABOUT_RETURN_TYPE = YES_ERROR;
				GCC_WARN_UNDECLARED_SELECTOR = YES;
				GCC_WARN_UNINITIALIZED_AUTOS = YES_AGGRESSIVE;
				GCC_WARN_UNUSED_FUNCTION = YES;
				GCC_WARN_UNUSED_VARIABLE = YES;
				IPHONEOS_DEPLOYMENT_TARGET = 11.3;
				MTL_ENABLE_DEBUG_INFO = YES;
				ONLY_ACTIVE_ARCH = YES;
				SDKROOT = iphoneos;
				SWIFT_ACTIVE_COMPILATION_CONDITIONS = DEBUG;
				SWIFT_OPTIMIZATION_LEVEL = "-Onone";
			};
			name = Debug;
		};
		79DF8CF620D7FF5F009A40B0 /* Release */ = {
			isa = XCBuildConfiguration;
			buildSettings = {
				ALWAYS_SEARCH_USER_PATHS = NO;
				CLANG_ANALYZER_NONNULL = YES;
				CLANG_ANALYZER_NUMBER_OBJECT_CONVERSION = YES_AGGRESSIVE;
				CLANG_CXX_LANGUAGE_STANDARD = "gnu++14";
				CLANG_CXX_LIBRARY = "libc++";
				CLANG_ENABLE_MODULES = YES;
				CLANG_ENABLE_OBJC_ARC = YES;
				CLANG_ENABLE_OBJC_WEAK = YES;
				CLANG_WARN_BLOCK_CAPTURE_AUTORELEASING = YES;
				CLANG_WARN_BOOL_CONVERSION = YES;
				CLANG_WARN_COMMA = YES;
				CLANG_WARN_CONSTANT_CONVERSION = YES;
				CLANG_WARN_DEPRECATED_OBJC_IMPLEMENTATIONS = YES;
				CLANG_WARN_DIRECT_OBJC_ISA_USAGE = YES_ERROR;
				CLANG_WARN_DOCUMENTATION_COMMENTS = YES;
				CLANG_WARN_EMPTY_BODY = YES;
				CLANG_WARN_ENUM_CONVERSION = YES;
				CLANG_WARN_INFINITE_RECURSION = YES;
				CLANG_WARN_INT_CONVERSION = YES;
				CLANG_WARN_NON_LITERAL_NULL_CONVERSION = YES;
				CLANG_WARN_OBJC_IMPLICIT_RETAIN_SELF = YES;
				CLANG_WARN_OBJC_LITERAL_CONVERSION = YES;
				CLANG_WARN_OBJC_ROOT_CLASS = YES_ERROR;
				CLANG_WARN_RANGE_LOOP_ANALYSIS = YES;
				CLANG_WARN_STRICT_PROTOTYPES = YES;
				CLANG_WARN_SUSPICIOUS_MOVE = YES;
				CLANG_WARN_UNGUARDED_AVAILABILITY = YES_AGGRESSIVE;
				CLANG_WARN_UNREACHABLE_CODE = YES;
				CLANG_WARN__DUPLICATE_METHOD_MATCH = YES;
				CODE_SIGN_IDENTITY = "iPhone Developer";
				COPY_PHASE_STRIP = NO;
				DEBUG_INFORMATION_FORMAT = "dwarf-with-dsym";
				ENABLE_NS_ASSERTIONS = NO;
				ENABLE_STRICT_OBJC_MSGSEND = YES;
				GCC_C_LANGUAGE_STANDARD = gnu11;
				GCC_NO_COMMON_BLOCKS = YES;
				GCC_WARN_64_TO_32_BIT_CONVERSION = YES;
				GCC_WARN_ABOUT_RETURN_TYPE = YES_ERROR;
				GCC_WARN_UNDECLARED_SELECTOR = YES;
				GCC_WARN_UNINITIALIZED_AUTOS = YES_AGGRESSIVE;
				GCC_WARN_UNUSED_FUNCTION = YES;
				GCC_WARN_UNUSED_VARIABLE = YES;
				IPHONEOS_DEPLOYMENT_TARGET = 11.3;
				MTL_ENABLE_DEBUG_INFO = NO;
				SDKROOT = iphoneos;
				SWIFT_COMPILATION_MODE = wholemodule;
				SWIFT_OPTIMIZATION_LEVEL = "-O";
				VALIDATE_PRODUCT = YES;
			};
			name = Release;
		};
		79DF8CF820D7FF5F009A40B0 /* Debug */ = {
			isa = XCBuildConfiguration;
			buildSettings = {
				ASSETCATALOG_COMPILER_APPICON_NAME = AppIcon;
				CODE_SIGN_STYLE = Automatic;
				DEVELOPMENT_TEAM = B6C35RSVG5;
				INFOPLIST_FILE = HateDatingApp/Info.plist;
				LD_RUNPATH_SEARCH_PATHS = (
					"$(inherited)",
					"@executable_path/Frameworks",
				);
				PRODUCT_BUNDLE_IDENTIFIER = com.prithviraj8.HateDatingApp;
				PRODUCT_NAME = "$(TARGET_NAME)";
				SWIFT_VERSION = 4.0;
				TARGETED_DEVICE_FAMILY = "1,2";
			};
			name = Debug;
		};
		79DF8CF920D7FF5F009A40B0 /* Release */ = {
			isa = XCBuildConfiguration;
			buildSettings = {
				ASSETCATALOG_COMPILER_APPICON_NAME = AppIcon;
				CODE_SIGN_STYLE = Automatic;
				DEVELOPMENT_TEAM = B6C35RSVG5;
				INFOPLIST_FILE = HateDatingApp/Info.plist;
				LD_RUNPATH_SEARCH_PATHS = (
					"$(inherited)",
					"@executable_path/Frameworks",
				);
				PRODUCT_BUNDLE_IDENTIFIER = com.prithviraj8.HateDatingApp;
				PRODUCT_NAME = "$(TARGET_NAME)";
				SWIFT_VERSION = 4.0;
				TARGETED_DEVICE_FAMILY = "1,2";
			};
			name = Release;
		};
		79DF8CFB20D7FF5F009A40B0 /* Debug */ = {
			isa = XCBuildConfiguration;
			buildSettings = {
				ALWAYS_EMBED_SWIFT_STANDARD_LIBRARIES = YES;
				BUNDLE_LOADER = "$(TEST_HOST)";
				CODE_SIGN_STYLE = Automatic;
				DEVELOPMENT_TEAM = B6C35RSVG5;
				INFOPLIST_FILE = HateDatingAppTests/Info.plist;
				LD_RUNPATH_SEARCH_PATHS = (
					"$(inherited)",
					"@executable_path/Frameworks",
					"@loader_path/Frameworks",
				);
				PRODUCT_BUNDLE_IDENTIFIER = com.prithviraj8.HateDatingAppTests;
				PRODUCT_NAME = "$(TARGET_NAME)";
				SWIFT_VERSION = 4.0;
				TARGETED_DEVICE_FAMILY = "1,2";
				TEST_HOST = "$(BUILT_PRODUCTS_DIR)/HateDatingApp.app/HateDatingApp";
			};
			name = Debug;
		};
		79DF8CFC20D7FF5F009A40B0 /* Release */ = {
			isa = XCBuildConfiguration;
			buildSettings = {
				ALWAYS_EMBED_SWIFT_STANDARD_LIBRARIES = YES;
				BUNDLE_LOADER = "$(TEST_HOST)";
				CODE_SIGN_STYLE = Automatic;
				DEVELOPMENT_TEAM = B6C35RSVG5;
				INFOPLIST_FILE = HateDatingAppTests/Info.plist;
				LD_RUNPATH_SEARCH_PATHS = (
					"$(inherited)",
					"@executable_path/Frameworks",
					"@loader_path/Frameworks",
				);
				PRODUCT_BUNDLE_IDENTIFIER = com.prithviraj8.HateDatingAppTests;
				PRODUCT_NAME = "$(TARGET_NAME)";
				SWIFT_VERSION = 4.0;
				TARGETED_DEVICE_FAMILY = "1,2";
				TEST_HOST = "$(BUILT_PRODUCTS_DIR)/HateDatingApp.app/HateDatingApp";
			};
			name = Release;
		};
		79DF8CFE20D7FF5F009A40B0 /* Debug */ = {
			isa = XCBuildConfiguration;
			buildSettings = {
				ALWAYS_EMBED_SWIFT_STANDARD_LIBRARIES = YES;
				CODE_SIGN_STYLE = Automatic;
				DEVELOPMENT_TEAM = B6C35RSVG5;
				INFOPLIST_FILE = HateDatingAppUITests/Info.plist;
				LD_RUNPATH_SEARCH_PATHS = (
					"$(inherited)",
					"@executable_path/Frameworks",
					"@loader_path/Frameworks",
				);
				PRODUCT_BUNDLE_IDENTIFIER = com.prithviraj8.HateDatingAppUITests;
				PRODUCT_NAME = "$(TARGET_NAME)";
				SWIFT_VERSION = 4.0;
				TARGETED_DEVICE_FAMILY = "1,2";
				TEST_TARGET_NAME = HateDatingApp;
			};
			name = Debug;
		};
		79DF8CFF20D7FF5F009A40B0 /* Release */ = {
			isa = XCBuildConfiguration;
			buildSettings = {
				ALWAYS_EMBED_SWIFT_STANDARD_LIBRARIES = YES;
				CODE_SIGN_STYLE = Automatic;
				DEVELOPMENT_TEAM = B6C35RSVG5;
				INFOPLIST_FILE = HateDatingAppUITests/Info.plist;
				LD_RUNPATH_SEARCH_PATHS = (
					"$(inherited)",
					"@executable_path/Frameworks",
					"@loader_path/Frameworks",
				);
				PRODUCT_BUNDLE_IDENTIFIER = com.prithviraj8.HateDatingAppUITests;
				PRODUCT_NAME = "$(TARGET_NAME)";
				SWIFT_VERSION = 4.0;
				TARGETED_DEVICE_FAMILY = "1,2";
				TEST_TARGET_NAME = HateDatingApp;
			};
			name = Release;
		};
/* End XCBuildConfiguration section */

/* Begin XCConfigurationList section */
		79DF8CCA20D7FF5D009A40B0 /* Build configuration list for PBXProject "HateDatingApp" */ = {
			isa = XCConfigurationList;
			buildConfigurations = (
				79DF8CF520D7FF5F009A40B0 /* Debug */,
				79DF8CF620D7FF5F009A40B0 /* Release */,
			);
			defaultConfigurationIsVisible = 0;
			defaultConfigurationName = Release;
		};
		79DF8CF720D7FF5F009A40B0 /* Build configuration list for PBXNativeTarget "HateDatingApp" */ = {
			isa = XCConfigurationList;
			buildConfigurations = (
				79DF8CF820D7FF5F009A40B0 /* Debug */,
				79DF8CF920D7FF5F009A40B0 /* Release */,
			);
			defaultConfigurationIsVisible = 0;
			defaultConfigurationName = Release;
		};
		79DF8CFA20D7FF5F009A40B0 /* Build configuration list for PBXNativeTarget "HateDatingAppTests" */ = {
			isa = XCConfigurationList;
			buildConfigurations = (
				79DF8CFB20D7FF5F009A40B0 /* Debug */,
				79DF8CFC20D7FF5F009A40B0 /* Release */,
			);
			defaultConfigurationIsVisible = 0;
			defaultConfigurationName = Release;
		};
		79DF8CFD20D7FF5F009A40B0 /* Build configuration list for PBXNativeTarget "HateDatingAppUITests" */ = {
			isa = XCConfigurationList;
			buildConfigurations = (
				79DF8CFE20D7FF5F009A40B0 /* Debug */,
				79DF8CFF20D7FF5F009A40B0 /* Release */,
			);
			defaultConfigurationIsVisible = 0;
			defaultConfigurationName = Release;
		};
/* End XCConfigurationList section */
	};
	rootObject = 79DF8CC720D7FF5D009A40B0 /* Project object */;
}
